
Microsoft Visual Studio Solution File, Format Version 12.00
# Visual Studio Version 16
VisualStudioVersion = 16.0.31515.178
MinimumVisualStudioVersion = 10.0.40219.1
Project("{FAE04EC0-301F-11D3-BF4B-00C04F79EFBC}") = "Assginment1", "Assginment1.csproj", "{676D2837-9AE6-4252-96BF-C64A641DFE65}"
EndProject
Global
	GlobalSection(SolutionConfigurationPlatforms) = preSolution
		Debug|Any CPU = Debug|Any CPU
		Release|Any CPU = Release|Any CPU
	EndGlobalSection
	GlobalSection(ProjectConfigurationPlatforms) = postSolution
		{676D2837-9AE6-4252-96BF-C64A641DFE65}.Debug|Any CPU.ActiveCfg = Debug|Any CPU
		{676D2837-9AE6-4252-96BF-C64A641DFE65}.Debug|Any CPU.Build.0 = Debug|Any CPU
		{676D2837-9AE6-4252-96BF-C64A641DFE65}.Release|Any CPU.ActiveCfg = Release|Any CPU
		{676D2837-9AE6-4252-96BF-C64A641DFE65}.Release|Any CPU.Build.0 = Release|Any CPU
	EndGlobalSection
	GlobalSection(SolutionProperties) = preSolution
		HideSolutionNode = FALSE
	EndGlobalSection
	GlobalSection(ExtensibilityGlobals) = postSolution
		SolutionGuid = {D3094C81-CCC3-4807-8A00-D6E10BB70E99}
	EndGlobalSection
EndGlobal
